
Microsoft Visual Studio Solution File, Format Version 12.00
# Visual Studio Version 17
VisualStudioVersion = 17.0.32014.148
MinimumVisualStudioVersion = 10.0.40219.1
Project("{FAE04EC0-301F-11D3-BF4B-00C04F79EFBC}") = "TestWebApp", "TestWebApp\TestWebApp.csproj", "{C2FD4F9B-6DC6-453A-8576-E331EF89E953}"
EndProject
Global
	GlobalSection(SolutionConfigurationPlatforms) = preSolution
		Debug|Any CPU = Debug|Any CPU
		Release|Any CPU = Release|Any CPU
	EndGlobalSection
	GlobalSection(ProjectConfigurationPlatforms) = postSolution
		{C2FD4F9B-6DC6-453A-8576-E331EF89E953}.Debug|Any CPU.ActiveCfg = Debug|Any CPU
		{C2FD4F9B-6DC6-453A-8576-E331EF89E953}.Debug|Any CPU.Build.0 = Debug|Any CPU
		{C2FD4F9B-6DC6-453A-8576-E331EF89E953}.Release|Any CPU.ActiveCfg = Release|Any CPU
		{C2FD4F9B-6DC6-453A-8576-E331EF89E953}.Release|Any CPU.Build.0 = Release|Any CPU
	EndGlobalSection
	GlobalSection(SolutionProperties) = preSolution
		HideSolutionNode = FALSE
	EndGlobalSection
	GlobalSection(ExtensibilityGlobals) = postSolution
		SolutionGuid = {DFC9B4AE-E960-4154-AEA0-16DA7ABCC875}
	EndGlobalSection
EndGlobal
